{
  "name": "nextsuka",
  "version": "1.0.0",
  "lockfileVersion": 3,
  "requires": true,
  "packages": {
    "": {
      "name": "nextsuka",
      "version": "1.0.0",
      "license": "ISC",
      "dependencies": {
        "@next/font": "13.0.7",
        "ethers": "5.4",
        "next": "13.0.7",
        "next-themes": "^0.2.1",
        "react": "18.2.0",
        "react-dom": "18.2.0",
        "react-use-websocket": "^4.3.1",
        "swr": "^2.1.1"
      },
      "devDependencies": {
        "@types/node": "18.15.5",
        "@types/react": "18.0.28",
        "typescript": "5.0.2"
      }
    },
    "node_modules/@ethersproject/abi": {
      "version": "5.4.1",
      "resolved": "https://registry.npmjs.org/@ethersproject/abi/-/abi-5.4.1.tgz",
      "integrity": "sha512-9mhbjUk76BiSluiiW4BaYyI58KSbDMMQpCLdsAR+RsT2GyATiNYxVv+pGWRrekmsIdY3I+hOqsYQSTkc8L/mcg==",
      "funding": [
        {
          "type": "individual",
          "url": "https://gitcoin.co/grants/13/ethersjs-complete-simple-and-tiny-2"
        },
        {
          "type": "individual",
          "url": "https://www.buymeacoffee.com/ricmoo"
        }
      ],
      "dependencies": {
        "@ethersproject/address": "^5.4.0",
        "@ethersproject/bignumber": "^5.4.0",
        "@ethersproject/bytes": "^5.4.0",
        "@ethersproject/constants": "^5.4.0",
        "@ethersproject/hash": "^5.4.0",
        "@ethersproject/keccak256": "^5.4.0",
        "@ethersproject/logger": "^5.4.0",
        "@ethersproject/properties": "^5.4.0",
        "@ethersproject/strings": "^5.4.0"
      }
    },
    "node_modules/@ethersproject/abstract-provider": {
      "version": "5.4.1",
      "resolved": "https://registry.npmjs.org/@ethersproject/abstract-provider/-/abstract-provider-5.4.1.tgz",
      "integrity": "sha512-3EedfKI3LVpjSKgAxoUaI+gB27frKsxzm+r21w9G60Ugk+3wVLQwhi1LsEJAKNV7WoZc8CIpNrATlL1QFABjtQ==",
      "funding": [
        {
          "type": "individual",
          "url": "https://gitcoin.co/grants/13/ethersjs-complete-simple-and-tiny-2"
        },
        {
          "type": "individual",
          "url": "https://www.buymeacoffee.com/ricmoo"
        }
      ],
      "dependencies": {
        "@ethersproject/bignumber": "^5.4.0",
        "@ethersproject/bytes": "^5.4.0",
        "@ethersproject/logger": "^5.4.0",
        "@ethersproject/networks": "^5.4.0",
        "@ethersproject/properties": "^5.4.0",
        "@ethersproject/transactions": "^5.4.0",
        "@ethersproject/web": "^5.4.0"
      }
    },
    "node_modules/@ethersproject/abstract-signer": {
      "version": "5.4.1",
      "resolved": "https://registry.npmjs.org/@ethersproject/abstract-signer/-/abstract-signer-5.4.1.tgz",
      "integrity": "sha512-SkkFL5HVq1k4/25dM+NWP9MILgohJCgGv5xT5AcRruGz4ILpfHeBtO/y6j+Z3UN/PAjDeb4P7E51Yh8wcGNLGA==",
      "funding": [
        {
          "type": "individual",
          "url": "https://gitcoin.co/grants/13/ethersjs-complete-simple-and-tiny-2"
        },
        {
          "type": "individual",
          "url": "https://www.buymeacoffee.com/ricmoo"
        }
      ],
      "dependencies": {
        "@ethersproject/abstract-provider": "^5.4.0",
        "@ethersproject/bignumber": "^5.4.0",
        "@ethersproject/bytes": "^5.4.0",
        "@ethersproject/logger": "^5.4.0",
        "@ethersproject/properties": "^5.4.0"
      }
    },
    "node_modules/@ethersproject/address": {
      "version": "5.4.0",
      "resolved": "https://registry.npmjs.org/@ethersproject/address/-/address-5.4.0.tgz",
      "integrity": "sha512-SD0VgOEkcACEG/C6xavlU1Hy3m5DGSXW3CUHkaaEHbAPPsgi0coP5oNPsxau8eTlZOk/bpa/hKeCNoK5IzVI2Q==",
      "funding": [
        {
          "type": "individual",
          "url": "https://gitcoin.co/grants/13/ethersjs-complete-simple-and-tiny-2"
        },
        {
          "type": "individual",
          "url": "https://www.buymeacoffee.com/ricmoo"
        }
      ],
      "dependencies": {
        "@ethersproject/bignumber": "^5.4.0",
        "@ethersproject/bytes": "^5.4.0",
        "@ethersproject/keccak256": "^5.4.0",
        "@ethersproject/logger": "^5.4.0",
        "@ethersproject/rlp": "^5.4.0"
      }
    },
    "node_modules/@ethersproject/base64": {
      "version": "5.4.0",
      "resolved": "https://registry.npmjs.org/@ethersproject/base64/-/base64-5.4.0.tgz",
      "integrity": "sha512-CjQw6E17QDSSC5jiM9YpF7N1aSCHmYGMt9bWD8PWv6YPMxjsys2/Q8xLrROKI3IWJ7sFfZ8B3flKDTM5wlWuZQ==",
      "funding": [
        {
          "type": "individual",
          "url": "https://gitcoin.co/grants/13/ethersjs-complete-simple-and-tiny-2"
        },
        {
          "type": "individual",
          "url": "https://www.buymeacoffee.com/ricmoo"
        }
      ],
      "dependencies": {
        "@ethersproject/bytes": "^5.4.0"
      }
    },
    "node_modules/@ethersproject/basex": {
      "version": "5.4.0",
      "resolved": "https://registry.npmjs.org/@ethersproject/basex/-/basex-5.4.0.tgz",
      "integrity": "sha512-J07+QCVJ7np2bcpxydFVf/CuYo9mZ7T73Pe7KQY4c1lRlrixMeblauMxHXD0MPwFmUHZIILDNViVkykFBZylbg==",
      "funding": [
        {
          "type": "individual",
          "url": "https://gitcoin.co/grants/13/ethersjs-complete-simple-and-tiny-2"
        },
        {
          "type": "individual",
          "url": "https://www.buymeacoffee.com/ricmoo"
        }
      ],
      "dependencies": {
        "@ethersproject/bytes": "^5.4.0",
        "@ethersproject/properties": "^5.4.0"
      }
    },
    "node_modules/@ethersproject/bignumber": {
      "version": "5.4.2",
      "resolved": "https://registry.npmjs.org/@ethersproject/bignumber/-/bignumber-5.4.2.tgz",
      "integrity": "sha512-oIBDhsKy5bs7j36JlaTzFgNPaZjiNDOXsdSgSpXRucUl+UA6L/1YLlFeI3cPAoodcenzF4nxNPV13pcy7XbWjA==",
      "funding": [
        {
          "type": "individual",
          "url": "https://gitcoin.co/grants/13/ethersjs-complete-simple-and-tiny-2"
        },
        {
          "type": "individual",
          "url": "https://www.buymeacoffee.com/ricmoo"
        }
      ],
      "dependencies": {
        "@ethersproject/bytes": "^5.4.0",
        "@ethersproject/logger": "^5.4.0",
        "bn.js": "^4.11.9"
      }
    },
    "node_modules/@ethersproject/bytes": {
      "version": "5.4.0",
      "resolved": "https://registry.npmjs.org/@ethersproject/bytes/-/bytes-5.4.0.tgz",
      "integrity": "sha512-H60ceqgTHbhzOj4uRc/83SCN9d+BSUnOkrr2intevqdtEMO1JFVZ1XL84OEZV+QjV36OaZYxtnt4lGmxcGsPfA==",
      "funding": [
        {
          "type": "individual",
          "url": "https://gitcoin.co/grants/13/ethersjs-complete-simple-and-tiny-2"
        },
        {
          "type": "individual",
          "url": "https://www.buymeacoffee.com/ricmoo"
        }
      ],
      "dependencies": {
        "@ethersproject/logger": "^5.4.0"
      }
    },
    "node_modules/@ethersproject/constants": {
      "version": "5.4.0",
      "resolved": "https://registry.npmjs.org/@ethersproject/constants/-/constants-5.4.0.tgz",
      "integrity": "sha512-tzjn6S7sj9+DIIeKTJLjK9WGN2Tj0P++Z8ONEIlZjyoTkBuODN+0VfhAyYksKi43l1Sx9tX2VlFfzjfmr5Wl3Q==",
      "funding": [
        {
          "type": "individual",
          "url": "https://gitcoin.co/grants/13/ethersjs-complete-simple-and-tiny-2"
        },
        {
          "type": "individual",
          "url": "https://www.buymeacoffee.com/ricmoo"
        }
      ],
      "dependencies": {
        "@ethersproject/bignumber": "^5.4.0"
      }
    },
    "node_modules/@ethersproject/contracts": {
      "version": "5.4.1",
      "resolved": "https://registry.npmjs.org/@ethersproject/contracts/-/contracts-5.4.1.tgz",
      "integrity": "sha512-m+z2ZgPy4pyR15Je//dUaymRUZq5MtDajF6GwFbGAVmKz/RF+DNIPwF0k5qEcL3wPGVqUjFg2/krlCRVTU4T5w==",
      "funding": [
        {
          "type": "individual",
          "url": "https://gitcoin.co/grants/13/ethersjs-complete-simple-and-tiny-2"
        },
        {
          "type": "individual",
          "url": "https://www.buymeacoffee.com/ricmoo"
        }
      ],
      "dependencies": {
        "@ethersproject/abi": "^5.4.0",
        "@ethersproject/abstract-provider": "^5.4.0",
        "@ethersproject/abstract-signer": "^5.4.0",
        "@ethersproject/address": "^5.4.0",
        "@ethersproject/bignumber": "^5.4.0",
        "@ethersproject/bytes": "^5.4.0",
        "@ethersproject/constants": "^5.4.0",
        "@ethersproject/logger": "^5.4.0",
        "@ethersproject/properties": "^5.4.0",
        "@ethersproject/transactions": "^5.4.0"
      }
    },
    "node_modules/@ethersproject/hash": {
      "version": "5.4.0",
      "resolved": "https://registry.npmjs.org/@ethersproject/hash/-/hash-5.4.0.tgz",
      "integrity": "sha512-xymAM9tmikKgbktOCjW60Z5sdouiIIurkZUr9oW5NOex5uwxrbsYG09kb5bMcNjlVeJD3yPivTNzViIs1GCbqA==",
      "funding": [
        {
          "type": "individual",
          "url": "https://gitcoin.co/grants/13/ethersjs-complete-simple-and-tiny-2"
        },
        {
          "type": "individual",
          "url": "https://www.buymeacoffee.com/ricmoo"
        }
      ],
      "dependencies": {
        "@ethersproject/abstract-signer": "^5.4.0",
        "@ethersproject/address": "^5.4.0",
        "@ethersproject/bignumber": "^5.4.0",
        "@ethersproject/bytes": "^5.4.0",
        "@ethersproject/keccak256": "^5.4.0",
        "@ethersproject/logger": "^5.4.0",
        "@ethersproject/properties": "^5.4.0",
        "@ethersproject/strings": "^5.4.0"
      }
    },
    "node_modules/@ethersproject/hdnode": {
      "version": "5.4.0",
      "resolved": "https://registry.npmjs.org/@ethersproject/hdnode/-/hdnode-5.4.0.tgz",
      "integrity": "sha512-pKxdS0KAaeVGfZPp1KOiDLB0jba11tG6OP1u11QnYfb7pXn6IZx0xceqWRr6ygke8+Kw74IpOoSi7/DwANhy8Q==",
      "funding": [
        {
          "type": "individual",
          "url": "https://gitcoin.co/grants/13/ethersjs-complete-simple-and-tiny-2"
        },
        {
          "type": "individual",
          "url": "https://www.buymeacoffee.com/ricmoo"
        }
      ],
      "dependencies": {
        "@ethersproject/abstract-signer": "^5.4.0",
        "@ethersproject/basex": "^5.4.0",
        "@ethersproject/bignumber": "^5.4.0",
        "@ethersproject/bytes": "^5.4.0",
        "@ethersproject/logger": "^5.4.0",
        "@ethersproject/pbkdf2": "^5.4.0",
        "@ethersproject/properties": "^5.4.0",
        "@ethersproject/sha2": "^5.4.0",
        "@ethersproject/signing-key": "^5.4.0",
        "@ethersproject/strings": "^5.4.0",
        "@ethersproject/transactions": "^5.4.0",
        "@ethersproject/wordlists": "^5.4.0"
      }
    },
    "node_modules/@ethersproject/json-wallets": {
      "version": "5.4.0",
      "resolved": "https://registry.npmjs.org/@ethersproject/json-wallets/-/json-wallets-5.4.0.tgz",
      "integrity": "sha512-igWcu3fx4aiczrzEHwG1xJZo9l1cFfQOWzTqwRw/xcvxTk58q4f9M7cjh51EKphMHvrJtcezJ1gf1q1AUOfEQQ==",
      "funding": [
        {
          "type": "individual",
          "url": "https://gitcoin.co/grants/13/ethersjs-complete-simple-and-tiny-2"
        },
        {
          "type": "individual",
          "url": "https://www.buymeacoffee.com/ricmoo"
        }
      ],
      "dependencies": {
        "@ethersproject/abstract-signer": "^5.4.0",
        "@ethersproject/address": "^5.4.0",
        "@ethersproject/bytes": "^5.4.0",
        "@ethersproject/hdnode": "^5.4.0",
        "@ethersproject/keccak256": "^5.4.0",
        "@ethersproject/logger": "^5.4.0",
        "@ethersproject/pbkdf2": "^5.4.0",
        "@ethersproject/properties": "^5.4.0",
        "@ethersproject/random": "^5.4.0",
        "@ethersproject/strings": "^5.4.0",
        "@ethersproject/transactions": "^5.4.0",
        "aes-js": "3.0.0",
        "scrypt-js": "3.0.1"
      }
    },
    "node_modules/@ethersproject/keccak256": {
      "version": "5.4.0",
      "resolved": "https://registry.npmjs.org/@ethersproject/keccak256/-/keccak256-5.4.0.tgz",
      "integrity": "sha512-FBI1plWet+dPUvAzPAeHzRKiPpETQzqSUWR1wXJGHVWi4i8bOSrpC3NwpkPjgeXG7MnugVc1B42VbfnQikyC/A==",
      "funding": [
        {
          "type": "individual",
          "url": "https://gitcoin.co/grants/13/ethersjs-complete-simple-and-tiny-2"
        },
        {
          "type": "individual",
          "url": "https://www.buymeacoffee.com/ricmoo"
        }
      ],
      "dependencies": {
        "@ethersproject/bytes": "^5.4.0",
        "js-sha3": "0.5.7"
      }
    },
    "node_modules/@ethersproject/logger": {
      "version": "5.4.1",
      "resolved": "https://registry.npmjs.org/@ethersproject/logger/-/logger-5.4.1.tgz",
      "integrity": "sha512-DZ+bRinnYLPw1yAC64oRl0QyVZj43QeHIhVKfD/+YwSz4wsv1pfwb5SOFjz+r710YEWzU6LrhuSjpSO+6PeE4A==",
      "funding": [
        {
          "type": "individual",
          "url": "https://gitcoin.co/grants/13/ethersjs-complete-simple-and-tiny-2"
        },
        {
          "type": "individual",
          "url": "https://www.buymeacoffee.com/ricmoo"
        }
      ]
    },
    "node_modules/@ethersproject/networks": {
      "version": "5.4.2",
      "resolved": "https://registry.npmjs.org/@ethersproject/networks/-/networks-5.4.2.tgz",
      "integrity": "sha512-eekOhvJyBnuibfJnhtK46b8HimBc5+4gqpvd1/H9LEl7Q7/qhsIhM81dI9Fcnjpk3jB1aTy6bj0hz3cifhNeYw==",
      "funding": [
        {
          "type": "individual",
          "url": "https://gitcoin.co/grants/13/ethersjs-complete-simple-and-tiny-2"
        },
        {
          "type": "individual",
          "url": "https://www.buymeacoffee.com/ricmoo"
        }
      ],
      "dependencies": {
        "@ethersproject/logger": "^5.4.0"
      }
    },
    "node_modules/@ethersproject/pbkdf2": {
      "version": "5.4.0",
      "resolved": "https://registry.npmjs.org/@ethersproject/pbkdf2/-/pbkdf2-5.4.0.tgz",
      "integrity": "sha512-x94aIv6tiA04g6BnazZSLoRXqyusawRyZWlUhKip2jvoLpzJuLb//KtMM6PEovE47pMbW+Qe1uw+68ameJjB7g==",
      "funding": [
        {
          "type": "individual",
          "url": "https://gitcoin.co/grants/13/ethersjs-complete-simple-and-tiny-2"
        },
        {
          "type": "individual",
          "url": "https://www.buymeacoffee.com/ricmoo"
        }
      ],
      "dependencies": {
        "@ethersproject/bytes": "^5.4.0",
        "@ethersproject/sha2": "^5.4.0"
      }
    },
    "node_modules/@ethersproject/properties": {
      "version": "5.4.1",
      "resolved": "https://registry.npmjs.org/@ethersproject/properties/-/properties-5.4.1.tgz",
      "integrity": "sha512-cyCGlF8wWlIZyizsj2PpbJ9I7rIlUAfnHYwy/T90pdkSn/NFTa5YWZx2wTJBe9V7dD65dcrrEMisCRUJiq6n3w==",
      "funding": [
        {
          "type": "individual",
          "url": "https://gitcoin.co/grants/13/ethersjs-complete-simple-and-tiny-2"
        },
        {
          "type": "individual",
          "url": "https://www.buymeacoffee.com/ricmoo"
        }
      ],
      "dependencies": {
        "@ethersproject/logger": "^5.4.0"
      }
    },
    "node_modules/@ethersproject/providers": {
      "version": "5.4.5",
      "resolved": "https://registry.npmjs.org/@ethersproject/providers/-/providers-5.4.5.tgz",
      "integrity": "sha512-1GkrvkiAw3Fj28cwi1Sqm8ED1RtERtpdXmRfwIBGmqBSN5MoeRUHuwHPppMtbPayPgpFcvD7/Gdc9doO5fGYgw==",
      "funding": [
        {
          "type": "individual",
          "url": "https://gitcoin.co/grants/13/ethersjs-complete-simple-and-tiny-2"
        },
        {
          "type": "individual",
          "url": "https://www.buymeacoffee.com/ricmoo"
        }
      ],
      "dependencies": {
        "@ethersproject/abstract-provider": "^5.4.0",
        "@ethersproject/abstract-signer": "^5.4.0",
        "@ethersproject/address": "^5.4.0",
        "@ethersproject/basex": "^5.4.0",
        "@ethersproject/bignumber": "^5.4.0",
        "@ethersproject/bytes": "^5.4.0",
        "@ethersproject/constants": "^5.4.0",
        "@ethersproject/hash": "^5.4.0",
        "@ethersproject/logger": "^5.4.0",
        "@ethersproject/networks": "^5.4.0",
        "@ethersproject/properties": "^5.4.0",
        "@ethersproject/random": "^5.4.0",
        "@ethersproject/rlp": "^5.4.0",
        "@ethersproject/sha2": "^5.4.0",
        "@ethersproject/strings": "^5.4.0",
        "@ethersproject/transactions": "^5.4.0",
        "@ethersproject/web": "^5.4.0",
        "bech32": "1.1.4",
        "ws": "7.4.6"
      }
    },
    "node_modules/@ethersproject/random": {
      "version": "5.4.0",
      "resolved": "https://registry.npmjs.org/@ethersproject/random/-/random-5.4.0.tgz",
      "integrity": "sha512-pnpWNQlf0VAZDEOVp1rsYQosmv2o0ITS/PecNw+mS2/btF8eYdspkN0vIXrCMtkX09EAh9bdk8GoXmFXM1eAKw==",
      "funding": [
        {
          "type": "individual",
          "url": "https://gitcoin.co/grants/13/ethersjs-complete-simple-and-tiny-2"
        },
        {
          "type": "individual",
          "url": "https://www.buymeacoffee.com/ricmoo"
        }
      ],
      "dependencies": {
        "@ethersproject/bytes": "^5.4.0",
        "@ethersproject/logger": "^5.4.0"
      }
    },
    "node_modules/@ethersproject/rlp": {
      "version": "5.4.0",
      "resolved": "https://registry.npmjs.org/@ethersproject/rlp/-/rlp-5.4.0.tgz",
      "integrity": "sha512-0I7MZKfi+T5+G8atId9QaQKHRvvasM/kqLyAH4XxBCBchAooH2EX5rL9kYZWwcm3awYV+XC7VF6nLhfeQFKVPg==",
      "funding": [
        {
          "type": "individual",
          "url": "https://gitcoin.co/grants/13/ethersjs-complete-simple-and-tiny-2"
        },
        {
          "type": "individual",
          "url": "https://www.buymeacoffee.com/ricmoo"
        }
      ],
      "dependencies": {
        "@ethersproject/bytes": "^5.4.0",
        "@ethersproject/logger": "^5.4.0"
      }
    },
    "node_modules/@ethersproject/sha2": {
      "version": "5.4.0",
      "resolved": "https://registry.npmjs.org/@ethersproject/sha2/-/sha2-5.4.0.tgz",
      "integrity": "sha512-siheo36r1WD7Cy+bDdE1BJ8y0bDtqXCOxRMzPa4bV1TGt/eTUUt03BHoJNB6reWJD8A30E/pdJ8WFkq+/uz4Gg==",
      "funding": [
        {
          "type": "individual",
          "url": "https://gitcoin.co/grants/13/ethersjs-complete-simple-and-tiny-2"
        },
        {
          "type": "individual",
          "url": "https://www.buymeacoffee.com/ricmoo"
        }
      ],
      "dependencies": {
        "@ethersproject/bytes": "^5.4.0",
        "@ethersproject/logger": "^5.4.0",
        "hash.js": "1.1.7"
      }
    },
    "node_modules/@ethersproject/signing-key": {
      "version": "5.4.0",
      "resolved": "https://registry.npmjs.org/@ethersproject/signing-key/-/signing-key-5.4.0.tgz",
      "integrity": "sha512-q8POUeywx6AKg2/jX9qBYZIAmKSB4ubGXdQ88l40hmATj29JnG5pp331nAWwwxPn2Qao4JpWHNZsQN+bPiSW9A==",
      "funding": [
        {
          "type": "individual",
          "url": "https://gitcoin.co/grants/13/ethersjs-complete-simple-and-tiny-2"
        },
        {
          "type": "individual",
          "url": "https://www.buymeacoffee.com/ricmoo"
        }
      ],
      "dependencies": {
        "@ethersproject/bytes": "^5.4.0",
        "@ethersproject/logger": "^5.4.0",
        "@ethersproject/properties": "^5.4.0",
        "bn.js": "^4.11.9",
        "elliptic": "6.5.4",
        "hash.js": "1.1.7"
      }
    },
    "node_modules/@ethersproject/solidity": {
      "version": "5.4.0",
      "resolved": "https://registry.npmjs.org/@ethersproject/solidity/-/solidity-5.4.0.tgz",
      "integrity": "sha512-XFQTZ7wFSHOhHcV1DpcWj7VXECEiSrBuv7JErJvB9Uo+KfCdc3QtUZV+Vjh/AAaYgezUEKbCtE6Khjm44seevQ==",
      "funding": [
        {
          "type": "individual",
          "url": "https://gitcoin.co/grants/13/ethersjs-complete-simple-and-tiny-2"
        },
        {
          "type": "individual",
          "url": "https://www.buymeacoffee.com/ricmoo"
        }
      ],
      "dependencies": {
        "@ethersproject/bignumber": "^5.4.0",
        "@ethersproject/bytes": "^5.4.0",
        "@ethersproject/keccak256": "^5.4.0",
        "@ethersproject/sha2": "^5.4.0",
        "@ethersproject/strings": "^5.4.0"
      }
    },
    "node_modules/@ethersproject/strings": {
      "version": "5.4.0",
      "resolved": "https://registry.npmjs.org/@ethersproject/strings/-/strings-5.4.0.tgz",
      "integrity": "sha512-k/9DkH5UGDhv7aReXLluFG5ExurwtIpUfnDNhQA29w896Dw3i4uDTz01Quaptbks1Uj9kI8wo9tmW73wcIEaWA==",
      "funding": [
        {
          "type": "individual",
          "url": "https://gitcoin.co/grants/13/ethersjs-complete-simple-and-tiny-2"
        },
        {
          "type": "individual",
          "url": "https://www.buymeacoffee.com/ricmoo"
        }
      ],
      "dependencies": {
        "@ethersproject/bytes": "^5.4.0",
        "@ethersproject/constants": "^5.4.0",
        "@ethersproject/logger": "^5.4.0"
      }
    },
    "node_modules/@ethersproject/transactions": {
      "version": "5.4.0",
      "resolved": "https://registry.npmjs.org/@ethersproject/transactions/-/transactions-5.4.0.tgz",
      "integrity": "sha512-s3EjZZt7xa4BkLknJZ98QGoIza94rVjaEed0rzZ/jB9WrIuu/1+tjvYCWzVrystXtDswy7TPBeIepyXwSYa4WQ==",
      "funding": [
        {
          "type": "individual",
          "url": "https://gitcoin.co/grants/13/ethersjs-complete-simple-and-tiny-2"
        },
        {
          "type": "individual",
          "url": "https://www.buymeacoffee.com/ricmoo"
        }
      ],
      "dependencies": {
        "@ethersproject/address": "^5.4.0",
        "@ethersproject/bignumber": "^5.4.0",
        "@ethersproject/bytes": "^5.4.0",
        "@ethersproject/constants": "^5.4.0",
        "@ethersproject/keccak256": "^5.4.0",
        "@ethersproject/logger": "^5.4.0",
        "@ethersproject/properties": "^5.4.0",
        "@ethersproject/rlp": "^5.4.0",
        "@ethersproject/signing-key": "^5.4.0"
      }
    },
    "node_modules/@ethersproject/units": {
      "version": "5.4.0",
      "resolved": "https://registry.npmjs.org/@ethersproject/units/-/units-5.4.0.tgz",
      "integrity": "sha512-Z88krX40KCp+JqPCP5oPv5p750g+uU6gopDYRTBGcDvOASh6qhiEYCRatuM/suC4S2XW9Zz90QI35MfSrTIaFg==",
      "funding": [
        {
          "type": "individual",
          "url": "https://gitcoin.co/grants/13/ethersjs-complete-simple-and-tiny-2"
        },
        {
          "type": "individual",
          "url": "https://www.buymeacoffee.com/ricmoo"
        }
      ],
      "dependencies": {
        "@ethersproject/bignumber": "^5.4.0",
        "@ethersproject/constants": "^5.4.0",
        "@ethersproject/logger": "^5.4.0"
      }
    },
    "node_modules/@ethersproject/wallet": {
      "version": "5.4.0",
      "resolved": "https://registry.npmjs.org/@ethersproject/wallet/-/wallet-5.4.0.tgz",
      "integrity": "sha512-wU29majLjM6AjCjpat21mPPviG+EpK7wY1+jzKD0fg3ui5fgedf2zEu1RDgpfIMsfn8fJHJuzM4zXZ2+hSHaSQ==",
      "funding": [
        {
          "type": "individual",
          "url": "https://gitcoin.co/grants/13/ethersjs-complete-simple-and-tiny-2"
        },
        {
          "type": "individual",
          "url": "https://www.buymeacoffee.com/ricmoo"
        }
      ],
      "dependencies": {
        "@ethersproject/abstract-provider": "^5.4.0",
        "@ethersproject/abstract-signer": "^5.4.0",
        "@ethersproject/address": "^5.4.0",
        "@ethersproject/bignumber": "^5.4.0",
        "@ethersproject/bytes": "^5.4.0",
        "@ethersproject/hash": "^5.4.0",
        "@ethersproject/hdnode": "^5.4.0",
        "@ethersproject/json-wallets": "^5.4.0",
        "@ethersproject/keccak256": "^5.4.0",
        "@ethersproject/logger": "^5.4.0",
        "@ethersproject/properties": "^5.4.0",
        "@ethersproject/random": "^5.4.0",
        "@ethersproject/signing-key": "^5.4.0",
        "@ethersproject/transactions": "^5.4.0",
        "@ethersproject/wordlists": "^5.4.0"
      }
    },
    "node_modules/@ethersproject/web": {
      "version": "5.4.0",
      "resolved": "https://registry.npmjs.org/@ethersproject/web/-/web-5.4.0.tgz",
      "integrity": "sha512-1bUusGmcoRLYgMn6c1BLk1tOKUIFuTg8j+6N8lYlbMpDesnle+i3pGSagGNvwjaiLo4Y5gBibwctpPRmjrh4Og==",
      "funding": [
        {
          "type": "individual",
          "url": "https://gitcoin.co/grants/13/ethersjs-complete-simple-and-tiny-2"
        },
        {
          "type": "individual",
          "url": "https://www.buymeacoffee.com/ricmoo"
        }
      ],
      "dependencies": {
        "@ethersproject/base64": "^5.4.0",
        "@ethersproject/bytes": "^5.4.0",
        "@ethersproject/logger": "^5.4.0",
        "@ethersproject/properties": "^5.4.0",
        "@ethersproject/strings": "^5.4.0"
      }
    },
    "node_modules/@ethersproject/wordlists": {
      "version": "5.4.0",
      "resolved": "https://registry.npmjs.org/@ethersproject/wordlists/-/wordlists-5.4.0.tgz",
      "integrity": "sha512-FemEkf6a+EBKEPxlzeVgUaVSodU7G0Na89jqKjmWMlDB0tomoU8RlEMgUvXyqtrg8N4cwpLh8nyRnm1Nay1isA==",
      "funding": [
        {
          "type": "individual",
          "url": "https://gitcoin.co/grants/13/ethersjs-complete-simple-and-tiny-2"
        },
        {
          "type": "individual",
          "url": "https://www.buymeacoffee.com/ricmoo"
        }
      ],
      "dependencies": {
        "@ethersproject/bytes": "^5.4.0",
        "@ethersproject/hash": "^5.4.0",
        "@ethersproject/logger": "^5.4.0",
        "@ethersproject/properties": "^5.4.0",
        "@ethersproject/strings": "^5.4.0"
      }
    },
    "node_modules/@next/env": {
      "version": "13.0.7",
      "license": "MIT"
    },
    "node_modules/@next/font": {
      "version": "13.0.7",
      "resolved": "https://registry.npmjs.org/@next/font/-/font-13.0.7.tgz",
      "integrity": "sha512-39SzuoMI6jbrIzPs3KtXdKX03OrVp6Y7kRHcoVmOg69spiBzruPJ5x5DQSfN+OXqznbvVBNZBXnmdnSqs3qXiA=="
    },
    "node_modules/@next/swc-android-arm-eabi": {
      "version": "13.0.7",
      "resolved": "https://registry.npmjs.org/@next/swc-android-arm-eabi/-/swc-android-arm-eabi-13.0.7.tgz",
      "integrity": "sha512-QTEamOK/LCwBf05GZ261rULMbZEpE3TYdjHlXfznV+nXwTztzkBNFXwP67gv2wW44BROzgi/vrR9H8oP+J5jxg==",
      "cpu": [
        "arm"
      ],
      "optional": true,
      "os": [
        "android"
      ],
      "engines": {
        "node": ">= 10"
      }
    },
    "node_modules/@next/swc-android-arm64": {
      "version": "13.0.7",
      "resolved": "https://registry.npmjs.org/@next/swc-android-arm64/-/swc-android-arm64-13.0.7.tgz",
      "integrity": "sha512-wcy2H0Tl9ME8vKy2GnJZ7Mybwys+43F/Eh2Pvph7mSDpMbYBJ6iA0zeY62iYYXxlZhnAID3+h79FUqUEakkClw==",
      "cpu": [
        "arm64"
      ],
      "optional": true,
      "os": [
        "android"
      ],
      "engines": {
        "node": ">= 10"
      }
    },
    "node_modules/@next/swc-darwin-arm64": {
      "version": "13.0.7",
      "cpu": [
        "arm64"
      ],
      "license": "MIT",
      "optional": true,
      "os": [
        "darwin"
      ],
      "engines": {
        "node": ">= 10"
      }
    },
    "node_modules/@next/swc-darwin-x64": {
      "version": "13.0.7",
      "resolved": "https://registry.npmjs.org/@next/swc-darwin-x64/-/swc-darwin-x64-13.0.7.tgz",
      "integrity": "sha512-636AuRQynCPnIPRVzcCk5B7OMq9XjaYam2T0HeWUCE6y7EqEO3kxiuZ4QmN81T7A6Ydb+JnivYrLelHXmgdj6A==",
      "cpu": [
        "x64"
      ],
      "optional": true,
      "os": [
        "darwin"
      ],
      "engines": {
        "node": ">= 10"
      }
    },
    "node_modules/@next/swc-freebsd-x64": {
      "version": "13.0.7",
      "resolved": "https://registry.npmjs.org/@next/swc-freebsd-x64/-/swc-freebsd-x64-13.0.7.tgz",
      "integrity": "sha512-92XAMzNgQazowZ9t7uZmHRA5VdBl/SwEdrf5UybdfRovsxB4r3+yJWEvFaqYpSEp0gwndbwLokJdpz7OwFdL3Q==",
      "cpu": [
        "x64"
      ],
      "optional": true,
      "os": [
        "freebsd"
      ],
      "engines": {
        "node": ">= 10"
      }
    },
    "node_modules/@next/swc-linux-arm-gnueabihf": {
      "version": "13.0.7",
      "resolved": "https://registry.npmjs.org/@next/swc-linux-arm-gnueabihf/-/swc-linux-arm-gnueabihf-13.0.7.tgz",
      "integrity": "sha512-3r1CWl5P6I5n5Yxip8EXv/Rfu2Cp6wVmIOpvmczyUR82j+bcMkwPAcUjNkG/vMCagS4xV7NElrcdGb39iFmfLg==",
      "cpu": [
        "arm"
      ],
      "optional": true,
      "os": [
        "linux"
      ],
      "engines": {
        "node": ">= 10"
      }
    },
    "node_modules/@next/swc-linux-arm64-gnu": {
      "version": "13.0.7",
      "resolved": "https://registry.npmjs.org/@next/swc-linux-arm64-gnu/-/swc-linux-arm64-gnu-13.0.7.tgz",
      "integrity": "sha512-RXo8tt6ppiwyS6hpDw3JdAjKcdVewsefxnxk9xOH4mRhMyq9V2lQx0e24X/dRiZqkx3jnWReR2WRrUlgN1UkSQ==",
      "cpu": [
        "arm64"
      ],
      "optional": true,
      "os": [
        "linux"
      ],
      "engines": {
        "node": ">= 10"
      }
    },
    "node_modules/@next/swc-linux-arm64-musl": {
      "version": "13.0.7",
      "resolved": "https://registry.npmjs.org/@next/swc-linux-arm64-musl/-/swc-linux-arm64-musl-13.0.7.tgz",
      "integrity": "sha512-RWpnW+bmfXyxyY7iARbueYDGuIF+BEp3etLeYh/RUNHb9PhOHLDgJOG8haGSykud3a6CcyBI8hEjqOhoObaDpw==",
      "cpu": [
        "arm64"
      ],
      "optional": true,
      "os": [
        "linux"
      ],
      "engines": {
        "node": ">= 10"
      }
    },
    "node_modules/@next/swc-linux-x64-gnu": {
      "version": "13.0.7",
      "resolved": "https://registry.npmjs.org/@next/swc-linux-x64-gnu/-/swc-linux-x64-gnu-13.0.7.tgz",
      "integrity": "sha512-/ygUIiMMTYnbKlFs5Ba9J5k/tNxFWy8eI1bBF8UuMTvV8QJHl/aLDiA5dwsei2kk99/cu3eay62JnJXkSk3RSQ==",
      "cpu": [
        "x64"
      ],
      "optional": true,
      "os": [
        "linux"
      ],
      "engines": {
        "node": ">= 10"
      }
    },
    "node_modules/@next/swc-linux-x64-musl": {
      "version": "13.0.7",
      "resolved": "https://registry.npmjs.org/@next/swc-linux-x64-musl/-/swc-linux-x64-musl-13.0.7.tgz",
      "integrity": "sha512-dLzr6AL77USJN0ejgx5AS8O8SbFlbYTzs0XwAWag4oQpUG2p3ARvxwQgYQ0Z+6EP0zIRZ/XfLkN/mhsyi3m4PA==",
      "cpu": [
        "x64"
      ],
      "optional": true,
      "os": [
        "linux"
      ],
      "engines": {
        "node": ">= 10"
      }
    },
    "node_modules/@next/swc-win32-arm64-msvc": {
      "version": "13.0.7",
      "resolved": "https://registry.npmjs.org/@next/swc-win32-arm64-msvc/-/swc-win32-arm64-msvc-13.0.7.tgz",
      "integrity": "sha512-+vFIVa82AwqFkpFClKT+n73fGxrhAZ2u1u3mDYEBdxO6c9U4Pj3S5tZFsGFK9kLT/bFvf/eeVOICSLCC7MSgJQ==",
      "cpu": [
        "arm64"
      ],
      "optional": true,
      "os": [
        "win32"
      ],
      "engines": {
        "node": ">= 10"
      }
    },
    "node_modules/@next/swc-win32-ia32-msvc": {
      "version": "13.0.7",
      "resolved": "https://registry.npmjs.org/@next/swc-win32-ia32-msvc/-/swc-win32-ia32-msvc-13.0.7.tgz",
      "integrity": "sha512-RNLXIhp+assD39dQY9oHhDxw+/qSJRARKhOFsHfOtf8yEfCHqcKkn3X/L+ih60ntaEqK294y1WkMk6ylotsxwA==",
      "cpu": [
        "ia32"
      ],
      "optional": true,
      "os": [
        "win32"
      ],
      "engines": {
        "node": ">= 10"
      }
    },
    "node_modules/@next/swc-win32-x64-msvc": {
      "version": "13.0.7",
      "resolved": "https://registry.npmjs.org/@next/swc-win32-x64-msvc/-/swc-win32-x64-msvc-13.0.7.tgz",
      "integrity": "sha512-kvdnlLcrnEq72ZP0lqe2Z5NqvB9N5uSCvtXJ0PhKvNncWWd0fEG9Ec9erXgwCmVlM2ytw41k9/uuQ+SVw4Pihw==",
      "cpu": [
        "x64"
      ],
      "optional": true,
      "os": [
        "win32"
      ],
      "engines": {
        "node": ">= 10"
      }
    },
    "node_modules/@swc/helpers": {
      "version": "0.4.14",
      "license": "MIT",
      "dependencies": {
        "tslib": "^2.4.0"
      }
    },
    "node_modules/@types/node": {
      "version": "18.15.5",
      "dev": true,
      "license": "MIT"
    },
    "node_modules/@types/prop-types": {
      "version": "15.7.5",
      "dev": true,
      "license": "MIT"
    },
    "node_modules/@types/react": {
      "version": "18.0.28",
      "dev": true,
      "license": "MIT",
      "dependencies": {
        "@types/prop-types": "*",
        "@types/scheduler": "*",
        "csstype": "^3.0.2"
      }
    },
    "node_modules/@types/scheduler": {
      "version": "0.16.2",
      "dev": true,
      "license": "MIT"
    },
    "node_modules/aes-js": {
      "version": "3.0.0",
      "resolved": "https://registry.npmjs.org/aes-js/-/aes-js-3.0.0.tgz",
      "integrity": "sha512-H7wUZRn8WpTq9jocdxQ2c8x2sKo9ZVmzfRE13GiNJXfp7NcKYEdvl3vspKjXox6RIG2VtaRe4JFvxG4rqp2Zuw=="
    },
    "node_modules/bech32": {
      "version": "1.1.4",
      "resolved": "https://registry.npmjs.org/bech32/-/bech32-1.1.4.tgz",
      "integrity": "sha512-s0IrSOzLlbvX7yp4WBfPITzpAU8sqQcpsmwXDiKwrG4r491vwCO/XpejasRNl0piBMe/DvP4Tz0mIS/X1DPJBQ=="
    },
    "node_modules/bn.js": {
      "version": "4.12.0",
      "resolved": "https://registry.npmjs.org/bn.js/-/bn.js-4.12.0.tgz",
      "integrity": "sha512-c98Bf3tPniI+scsdk237ku1Dc3ujXQTSgyiPUDEOe7tRkhrqridvh8klBv0HCEso1OLOYcHuCv/cS6DNxKH+ZA=="
    },
    "node_modules/brorand": {
      "version": "1.1.0",
      "resolved": "https://registry.npmjs.org/brorand/-/brorand-1.1.0.tgz",
      "integrity": "sha512-cKV8tMCEpQs4hK/ik71d6LrPOnpkpGBR0wzxqr68g2m/LB2GxVYQroAjMJZRVM1Y4BCjCKc3vAamxSzOY2RP+w=="
    },
    "node_modules/caniuse-lite": {
      "version": "1.0.30001469",
      "funding": [
        {
          "type": "opencollective",
          "url": "https://opencollective.com/browserslist"
        },
        {
          "type": "tidelift",
          "url": "https://tidelift.com/funding/github/npm/caniuse-lite"
        }
      ],
      "license": "CC-BY-4.0"
    },
    "node_modules/client-only": {
      "version": "0.0.1",
      "license": "MIT"
    },
    "node_modules/csstype": {
      "version": "3.1.1",
      "dev": true,
      "license": "MIT"
    },
    "node_modules/elliptic": {
      "version": "6.5.4",
      "resolved": "https://registry.npmjs.org/elliptic/-/elliptic-6.5.4.tgz",
      "integrity": "sha512-iLhC6ULemrljPZb+QutR5TQGB+pdW6KGD5RSegS+8sorOZT+rdQFbsQFJgvN3eRqNALqJer4oQ16YvJHlU8hzQ==",
      "dependencies": {
        "bn.js": "^4.11.9",
        "brorand": "^1.1.0",
        "hash.js": "^1.0.0",
        "hmac-drbg": "^1.0.1",
        "inherits": "^2.0.4",
        "minimalistic-assert": "^1.0.1",
        "minimalistic-crypto-utils": "^1.0.1"
      }
    },
    "node_modules/ethers": {
      "version": "5.4.7",
      "resolved": "https://registry.npmjs.org/ethers/-/ethers-5.4.7.tgz",
      "integrity": "sha512-iZc5p2nqfWK1sj8RabwsPM28cr37Bpq7ehTQ5rWExBr2Y09Sn1lDKZOED26n+TsZMye7Y6mIgQ/1cwpSD8XZew==",
      "funding": [
        {
          "type": "individual",
          "url": "https://gitcoin.co/grants/13/ethersjs-complete-simple-and-tiny-2"
        },
        {
          "type": "individual",
          "url": "https://www.buymeacoffee.com/ricmoo"
        }
      ],
      "dependencies": {
        "@ethersproject/abi": "5.4.1",
        "@ethersproject/abstract-provider": "5.4.1",
        "@ethersproject/abstract-signer": "5.4.1",
        "@ethersproject/address": "5.4.0",
        "@ethersproject/base64": "5.4.0",
        "@ethersproject/basex": "5.4.0",
        "@ethersproject/bignumber": "5.4.2",
        "@ethersproject/bytes": "5.4.0",
        "@ethersproject/constants": "5.4.0",
        "@ethersproject/contracts": "5.4.1",
        "@ethersproject/hash": "5.4.0",
        "@ethersproject/hdnode": "5.4.0",
        "@ethersproject/json-wallets": "5.4.0",
        "@ethersproject/keccak256": "5.4.0",
        "@ethersproject/logger": "5.4.1",
        "@ethersproject/networks": "5.4.2",
        "@ethersproject/pbkdf2": "5.4.0",
        "@ethersproject/properties": "5.4.1",
        "@ethersproject/providers": "5.4.5",
        "@ethersproject/random": "5.4.0",
        "@ethersproject/rlp": "5.4.0",
        "@ethersproject/sha2": "5.4.0",
        "@ethersproject/signing-key": "5.4.0",
        "@ethersproject/solidity": "5.4.0",
        "@ethersproject/strings": "5.4.0",
        "@ethersproject/transactions": "5.4.0",
        "@ethersproject/units": "5.4.0",
        "@ethersproject/wallet": "5.4.0",
        "@ethersproject/web": "5.4.0",
        "@ethersproject/wordlists": "5.4.0"
      }
    },
    "node_modules/hash.js": {
      "version": "1.1.7",
      "resolved": "https://registry.npmjs.org/hash.js/-/hash.js-1.1.7.tgz",
      "integrity": "sha512-taOaskGt4z4SOANNseOviYDvjEJinIkRgmp7LbKP2YTTmVxWBl87s/uzK9r+44BclBSp2X7K1hqeNfz9JbBeXA==",
      "dependencies": {
        "inherits": "^2.0.3",
        "minimalistic-assert": "^1.0.1"
      }
    },
    "node_modules/hmac-drbg": {
      "version": "1.0.1",
      "resolved": "https://registry.npmjs.org/hmac-drbg/-/hmac-drbg-1.0.1.tgz",
      "integrity": "sha512-Tti3gMqLdZfhOQY1Mzf/AanLiqh1WTiJgEj26ZuYQ9fbkLomzGchCws4FyrSd4VkpBfiNhaE1On+lOz894jvXg==",
      "dependencies": {
        "hash.js": "^1.0.3",
        "minimalistic-assert": "^1.0.0",
        "minimalistic-crypto-utils": "^1.0.1"
      }
    },
    "node_modules/inherits": {
      "version": "2.0.4",
      "resolved": "https://registry.npmjs.org/inherits/-/inherits-2.0.4.tgz",
      "integrity": "sha512-k/vGaX4/Yla3WzyMCvTQOXYeIHvqOKtnqBduzTHpzpQZzAskKMhZ2K+EnBiSM9zGSoIFeMpXKxa4dYeZIQqewQ=="
    },
    "node_modules/js-sha3": {
      "version": "0.5.7",
      "resolved": "https://registry.npmjs.org/js-sha3/-/js-sha3-0.5.7.tgz",
      "integrity": "sha512-GII20kjaPX0zJ8wzkTbNDYMY7msuZcTWk8S5UOh6806Jq/wz1J8/bnr8uGU0DAUmYDjj2Mr4X1cW8v/GLYnR+g=="
    },
    "node_modules/js-tokens": {
      "version": "4.0.0",
      "license": "MIT"
    },
    "node_modules/loose-envify": {
      "version": "1.4.0",
      "license": "MIT",
      "dependencies": {
        "js-tokens": "^3.0.0 || ^4.0.0"
      },
      "bin": {
        "loose-envify": "cli.js"
      }
    },
    "node_modules/minimalistic-assert": {
      "version": "1.0.1",
      "resolved": "https://registry.npmjs.org/minimalistic-assert/-/minimalistic-assert-1.0.1.tgz",
      "integrity": "sha512-UtJcAD4yEaGtjPezWuO9wC4nwUnVH/8/Im3yEHQP4b67cXlD/Qr9hdITCU1xDbSEXg2XKNaP8jsReV7vQd00/A=="
    },
    "node_modules/minimalistic-crypto-utils": {
      "version": "1.0.1",
      "resolved": "https://registry.npmjs.org/minimalistic-crypto-utils/-/minimalistic-crypto-utils-1.0.1.tgz",
      "integrity": "sha512-JIYlbt6g8i5jKfJ3xz7rF0LXmv2TkDxBLUkiBeZ7bAx4GnnNMr8xFpGnOxn6GhTEHx3SjRrZEoU+j04prX1ktg=="
    },
    "node_modules/nanoid": {
      "version": "3.3.4",
      "license": "MIT",
      "bin": {
        "nanoid": "bin/nanoid.cjs"
      },
      "engines": {
        "node": "^10 || ^12 || ^13.7 || ^14 || >=15.0.1"
      }
    },
    "node_modules/next": {
      "version": "13.0.7",
      "license": "MIT",
      "dependencies": {
        "@next/env": "13.0.7",
        "@swc/helpers": "0.4.14",
        "caniuse-lite": "^1.0.30001406",
        "postcss": "8.4.14",
        "styled-jsx": "5.1.0"
      },
      "bin": {
        "next": "dist/bin/next"
      },
      "engines": {
        "node": ">=14.6.0"
      },
      "optionalDependencies": {
        "@next/swc-android-arm-eabi": "13.0.7",
        "@next/swc-android-arm64": "13.0.7",
        "@next/swc-darwin-arm64": "13.0.7",
        "@next/swc-darwin-x64": "13.0.7",
        "@next/swc-freebsd-x64": "13.0.7",
        "@next/swc-linux-arm-gnueabihf": "13.0.7",
        "@next/swc-linux-arm64-gnu": "13.0.7",
        "@next/swc-linux-arm64-musl": "13.0.7",
        "@next/swc-linux-x64-gnu": "13.0.7",
        "@next/swc-linux-x64-musl": "13.0.7",
        "@next/swc-win32-arm64-msvc": "13.0.7",
        "@next/swc-win32-ia32-msvc": "13.0.7",
        "@next/swc-win32-x64-msvc": "13.0.7"
      },
      "peerDependencies": {
        "fibers": ">= 3.1.0",
        "node-sass": "^6.0.0 || ^7.0.0",
        "react": "^18.2.0",
        "react-dom": "^18.2.0",
        "sass": "^1.3.0"
      },
      "peerDependenciesMeta": {
        "fibers": {
          "optional": true
        },
        "node-sass": {
          "optional": true
        },
        "sass": {
          "optional": true
        }
      }
    },
    "node_modules/next-themes": {
      "version": "0.2.1",
      "license": "MIT",
      "peerDependencies": {
        "next": "*",
        "react": "*",
        "react-dom": "*"
      }
    },
    "node_modules/picocolors": {
      "version": "1.0.0",
      "license": "ISC"
    },
    "node_modules/postcss": {
      "version": "8.4.14",
      "funding": [
        {
          "type": "opencollective",
          "url": "https://opencollective.com/postcss/"
        },
        {
          "type": "tidelift",
          "url": "https://tidelift.com/funding/github/npm/postcss"
        }
      ],
      "license": "MIT",
      "dependencies": {
        "nanoid": "^3.3.4",
        "picocolors": "^1.0.0",
        "source-map-js": "^1.0.2"
      },
      "engines": {
        "node": "^10 || ^12 || >=14"
      }
    },
    "node_modules/react": {
      "version": "18.2.0",
      "license": "MIT",
      "dependencies": {
        "loose-envify": "^1.1.0"
      },
      "engines": {
        "node": ">=0.10.0"
      }
    },
    "node_modules/react-dom": {
      "version": "18.2.0",
      "license": "MIT",
      "dependencies": {
        "loose-envify": "^1.1.0",
        "scheduler": "^0.23.0"
      },
      "peerDependencies": {
        "react": "^18.2.0"
      }
    },
    "node_modules/react-use-websocket": {
      "version": "4.3.1",
      "license": "MIT",
      "peerDependencies": {
        "react": ">= 18.0.0",
        "react-dom": ">= 18.0.0"
      }
    },
    "node_modules/scheduler": {
      "version": "0.23.0",
      "license": "MIT",
      "dependencies": {
        "loose-envify": "^1.1.0"
      }
    },
    "node_modules/scrypt-js": {
      "version": "3.0.1",
      "resolved": "https://registry.npmjs.org/scrypt-js/-/scrypt-js-3.0.1.tgz",
      "integrity": "sha512-cdwTTnqPu0Hyvf5in5asVdZocVDTNRmR7XEcJuIzMjJeSHybHl7vpB66AzwTaIg6CLSbtjcxc8fqcySfnTkccA=="
    },
    "node_modules/source-map-js": {
      "version": "1.0.2",
      "license": "BSD-3-Clause",
      "engines": {
        "node": ">=0.10.0"
      }
    },
    "node_modules/styled-jsx": {
      "version": "5.1.0",
      "license": "MIT",
      "dependencies": {
        "client-only": "0.0.1"
      },
      "engines": {
        "node": ">= 12.0.0"
      },
      "peerDependencies": {
        "react": ">= 16.8.0 || 17.x.x || ^18.0.0-0"
      },
      "peerDependenciesMeta": {
        "@babel/core": {
          "optional": true
        },
        "babel-plugin-macros": {
          "optional": true
        }
      }
    },
    "node_modules/swr": {
      "version": "2.1.1",
      "license": "MIT",
      "dependencies": {
        "use-sync-external-store": "^1.2.0"
      },
      "engines": {
        "pnpm": "7"
      },
      "peerDependencies": {
        "react": "^16.11.0 || ^17.0.0 || ^18.0.0"
      }
    },
    "node_modules/tslib": {
      "version": "2.5.0",
      "license": "0BSD"
    },
    "node_modules/typescript": {
      "version": "5.0.2",
      "dev": true,
      "license": "Apache-2.0",
      "bin": {
        "tsc": "bin/tsc",
        "tsserver": "bin/tsserver"
      },
      "engines": {
        "node": ">=12.20"
      }
    },
    "node_modules/use-sync-external-store": {
      "version": "1.2.0",
      "license": "MIT",
      "peerDependencies": {
        "react": "^16.8.0 || ^17.0.0 || ^18.0.0"
      }
    },
    "node_modules/ws": {
      "version": "7.4.6",
      "resolved": "https://registry.npmjs.org/ws/-/ws-7.4.6.tgz",
      "integrity": "sha512-YmhHDO4MzaDLB+M9ym/mDA5z0naX8j7SIlT8f8z+I0VtzsRbekxEutHSme7NPS2qE8StCYQNUnfWdXta/Yu85A==",
      "engines": {
        "node": ">=8.3.0"
      },
      "peerDependencies": {
        "bufferutil": "^4.0.1",
        "utf-8-validate": "^5.0.2"
      },
      "peerDependenciesMeta": {
        "bufferutil": {
          "optional": true
        },
        "utf-8-validate": {
          "optional": true
        }
      }
    }
  }
}
